// !$*UTF8*$!
{
	archiveVersion = 1;
	classes = {
	};
	objectVersion = 50;
	objects = {

/* Begin PBXBuildFile section */
		3E1AA0C622A82A3200665D06 /* AppDelegate.swift in Sources */ = {isa = PBXBuildFile; fileRef = 3E1AA0C522A82A3200665D06 /* AppDelegate.swift */; };
		3E1AA0C822A82A3200665D06 /* SceneDelegate.swift in Sources */ = {isa = PBXBuildFile; fileRef = 3E1AA0C722A82A3200665D06 /* SceneDelegate.swift */; };
		3E1AA0CB22A82A3200665D06 /* SwiftUI_CoreData.xcdatamodeld in Sources */ = {isa = PBXBuildFile; fileRef = 3E1AA0C922A82A3200665D06 /* SwiftUI_CoreData.xcdatamodeld */; };
		3E1AA0CD22A82A3200665D06 /* ContentView.swift in Sources */ = {isa = PBXBuildFile; fileRef = 3E1AA0CC22A82A3200665D06 /* ContentView.swift */; };
		3E1AA0CF22A82A3400665D06 /* Assets.xcassets in Resources */ = {isa = PBXBuildFile; fileRef = 3E1AA0CE22A82A3400665D06 /* Assets.xcassets */; };
		3E1AA0D222A82A3400665D06 /* Preview Assets.xcassets in Resources */ = {isa = PBXBuildFile; fileRef = 3E1AA0D122A82A3400665D06 /* Preview Assets.xcassets */; };
		3E1AA0D522A82A3400665D06 /* LaunchScreen.storyboard in Resources */ = {isa = PBXBuildFile; fileRef = 3E1AA0D322A82A3400665D06 /* LaunchScreen.storyboard */; };
		3E1AA0E022A82A3400665D06 /* SwiftUI_CoreDataTests.swift in Sources */ = {isa = PBXBuildFile; fileRef = 3E1AA0DF22A82A3400665D06 /* SwiftUI_CoreDataTests.swift */; };
/* End PBXBuildFile section */

/* Begin PBXContainerItemProxy section */
		3E1AA0DC22A82A3400665D06 /* PBXContainerItemProxy */ = {
			isa = PBXContainerItemProxy;
			containerPortal = 3E1AA0BA22A82A3200665D06 /* Project object */;
			proxyType = 1;
			remoteGlobalIDString = 3E1AA0C122A82A3200665D06;
			remoteInfo = "SwiftUI+CoreData";
		};
/* End PBXContainerItemProxy section */

/* Begin PBXFileReference section */
		3E1AA0C222A82A3200665D06 /* SwiftUI+CoreData.app */ = {isa = PBXFileReference; explicitFileType = wrapper.application; includeInIndex = 0; path = "SwiftUI+CoreData.app"; sourceTree = BUILT_PRODUCTS_DIR; };
		3E1AA0C522A82A3200665D06 /* AppDelegate.swift */ = {isa = PBXFileReference; lastKnownFileType = sourcecode.swift; path = AppDelegate.swift; sourceTree = "<group>"; };
		3E1AA0C722A82A3200665D06 /* SceneDelegate.swift */ = {isa = PBXFileReference; lastKnownFileType = sourcecode.swift; path = SceneDelegate.swift; sourceTree = "<group>"; };
		3E1AA0CA22A82A3200665D06 /* SwiftUI_CoreData.xcdatamodel */ = {isa = PBXFileReference; lastKnownFileType = wrapper.xcdatamodel; path = SwiftUI_CoreData.xcdatamodel; sourceTree = "<group>"; };
		3E1AA0CC22A82A3200665D06 /* ContentView.swift */ = {isa = PBXFileReference; lastKnownFileType = sourcecode.swift; path = ContentView.swift; sourceTree = "<group>"; };
		3E1AA0CE22A82A3400665D06 /* Assets.xcassets */ = {isa = PBXFileReference; lastKnownFileType = folder.assetcatalog; path = Assets.xcassets; sourceTree = "<group>"; };
		3E1AA0D122A82A3400665D06 /* Preview Assets.xcassets */ = {isa = PBXFileReference; lastKnownFileType = folder.assetcatalog; path = "Preview Assets.xcassets"; sourceTree = "<group>"; };
		3E1AA0D422A82A3400665D06 /* Base */ = {isa = PBXFileReference; lastKnownFileType = file.storyboard; name = Base; path = Base.lproj/LaunchScreen.storyboard; sourceTree = "<group>"; };
		3E1AA0D622A82A3400665D06 /* Info.plist */ = {isa = PBXFileReference; lastKnownFileType = text.plist.xml; path = Info.plist; sourceTree = "<group>"; };
		3E1AA0DB22A82A3400665D06 /* SwiftUI+CoreDataTests.xctest */ = {isa = PBXFileReference; explicitFileType = wrapper.cfbundle; includeInIndex = 0; path = "SwiftUI+CoreDataTests.xctest"; sourceTree = BUILT_PRODUCTS_DIR; };
		3E1AA0DF22A82A3400665D06 /* SwiftUI_CoreDataTests.swift */ = {isa = PBXFileReference; lastKnownFileType = sourcecode.swift; path = SwiftUI_CoreDataTests.swift; sourceTree = "<group>"; };
		3E1AA0E122A82A3400665D06 /* Info.plist */ = {isa = PBXFileReference; lastKnownFileType = text.plist.xml; path = Info.plist; sourceTree = "<group>"; };
/* End PBXFileReference section */

/* Begin PBXFrameworksBuildPhase section */
		3E1AA0BF22A82A3200665D06 /* Frameworks */ = {
			isa = PBXFrameworksBuildPhase;
			buildActionMask = 2147483647;
			files = (
			);
			runOnlyForDeploymentPostprocessing = 0;
		};
		3E1AA0D822A82A3400665D06 /* Frameworks */ = {
			isa = PBXFrameworksBuildPhase;
			buildActionMask = 2147483647;
			files = (
			);
			runOnlyForDeploymentPostprocessing = 0;
		};
/* End PBXFrameworksBuildPhase section */

/* Begin PBXGroup section */
		3E1AA0B922A82A3200665D06 = {
			isa = PBXGroup;
			children = (
				3E1AA0C422A82A3200665D06 /* SwiftUI+CoreData */,
				3E1AA0DE22A82A3400665D06 /* SwiftUI+CoreDataTests */,
				3E1AA0C322A82A3200665D06 /* Products */,
			);
			sourceTree = "<group>";
		};
		3E1AA0C322A82A3200665D06 /* Products */ = {
			isa = PBXGroup;
			children = (
				3E1AA0C222A82A3200665D06 /* SwiftUI+CoreData.app */,
				3E1AA0DB22A82A3400665D06 /* SwiftUI+CoreDataTests.xctest */,
			);
			name = Products;
			sourceTree = "<group>";
		};
		3E1AA0C422A82A3200665D06 /* SwiftUI+CoreData */ = {
			isa = PBXGroup;
			children = (
				3E1AA0C522A82A3200665D06 /* AppDelegate.swift */,
				3E1AA0C722A82A3200665D06 /* SceneDelegate.swift */,
				3E1AA0CC22A82A3200665D06 /* ContentView.swift */,
				3E1AA0CE22A82A3400665D06 /* Assets.xcassets */,
				3E1AA0D322A82A3400665D06 /* LaunchScreen.storyboard */,
				3E1AA0D622A82A3400665D06 /* Info.plist */,
				3E1AA0C922A82A3200665D06 /* SwiftUI_CoreData.xcdatamodeld */,
				3E1AA0D022A82A3400665D06 /* Preview Content */,
			);
			path = "SwiftUI+CoreData";
			sourceTree = "<group>";
		};
		3E1AA0D022A82A3400665D06 /* Preview Content */ = {
			isa = PBXGroup;
			children = (
				3E1AA0D122A82A3400665D06 /* Preview Assets.xcassets */,
			);
			path = "Preview Content";
			sourceTree = "<group>";
		};
		3E1AA0DE22A82A3400665D06 /* SwiftUI+CoreDataTests */ = {
			isa = PBXGroup;
			children = (
				3E1AA0DF22A82A3400665D06 /* SwiftUI_CoreDataTests.swift */,
				3E1AA0E122A82A3400665D06 /* Info.plist */,
			);
			path = "SwiftUI+CoreDataTests";
			sourceTree = "<group>";
		};
/* End PBXGroup section */

/* Begin PBXNativeTarget section */
		3E1AA0C122A82A3200665D06 /* SwiftUI+CoreData */ = {
			isa = PBXNativeTarget;
			buildConfigurationList = 3E1AA0E422A82A3400665D06 /* Build configuration list for PBXNativeTarget "SwiftUI+CoreData" */;
			buildPhases = (
				3E1AA0BE22A82A3200665D06 /* Sources */,
				3E1AA0BF22A82A3200665D06 /* Frameworks */,
				3E1AA0C022A82A3200665D06 /* Resources */,
			);
			buildRules = (
			);
			dependencies = (
			);
			name = "SwiftUI+CoreData";
			productName = "SwiftUI+CoreData";
			productReference = 3E1AA0C222A82A3200665D06 /* SwiftUI+CoreData.app */;
			productType = "com.apple.product-type.application";
		};
		3E1AA0DA22A82A3400665D06 /* SwiftUI+CoreDataTests */ = {
			isa = PBXNativeTarget;
			buildConfigurationList = 3E1AA0E722A82A3400665D06 /* Build configuration list for PBXNativeTarget "SwiftUI+CoreDataTests" */;
			buildPhases = (
				3E1AA0D722A82A3400665D06 /* Sources */,
				3E1AA0D822A82A3400665D06 /* Frameworks */,
				3E1AA0D922A82A3400665D06 /* Resources */,
			);
			buildRules = (
			);
			dependencies = (
				3E1AA0DD22A82A3400665D06 /* PBXTargetDependency */,
			);
			name = "SwiftUI+CoreDataTests";
			productName = "SwiftUI+CoreDataTests";
			productReference = 3E1AA0DB22A82A3400665D06 /* SwiftUI+CoreDataTests.xctest */;
			productType = "com.apple.product-type.bundle.unit-test";
		};
/* End PBXNativeTarget section */

/* Begin PBXProject section */
		3E1AA0BA22A82A3200665D06 /* Project object */ = {
			isa = PBXProject;
			attributes = {
				LastSwiftUpdateCheck = 1100;
				LastUpgradeCheck = 1100;
				ORGANIZATIONNAME = Bahlreighn;
				TargetAttributes = {
					3E1AA0C122A82A3200665D06 = {
						CreatedOnToolsVersion = 11.0;
					};
					3E1AA0DA22A82A3400665D06 = {
						CreatedOnToolsVersion = 11.0;
						TestTargetID = 3E1AA0C122A82A3200665D06;
					};
				};
			};
			buildConfigurationList = 3E1AA0BD22A82A3200665D06 /* Build configuration list for PBXProject "SwiftUI+CoreData" */;
			compatibilityVersion = "Xcode 9.3";
			developmentRegion = en;
			hasScannedForEncodings = 0;
			knownRegions = (
				en,
				Base,
			);
			mainGroup = 3E1AA0B922A82A3200665D06;
			productRefGroup = 3E1AA0C322A82A3200665D06 /* Products */;
			projectDirPath = "";
			projectRoot = "";
			targets = (
				3E1AA0C122A82A3200665D06 /* SwiftUI+CoreData */,
				3E1AA0DA22A82A3400665D06 /* SwiftUI+CoreDataTests */,
			);
		};
/* End PBXProject section */

/* Begin PBXResourcesBuildPhase section */
		3E1AA0C022A82A3200665D06 /* Resources */ = {
			isa = PBXResourcesBuildPhase;
			buildActionMask = 2147483647;
			files = (
				3E1AA0D522A82A3400665D06 /* LaunchScreen.storyboard in Resources */,
				3E1AA0D222A82A3400665D06 /* Preview Assets.xcassets in Resources */,
				3E1AA0CF22A82A3400665D06 /* Assets.xcassets in Resources */,
			);
			runOnlyForDeploymentPostprocessing = 0;
		};
		3E1AA0D922A82A3400665D06 /* Resources */ = {
			isa = PBXResourcesBuildPhase;
			buildActionMask = 2147483647;
			files = (
			);
			runOnlyForDeploymentPostprocessing = 0;
		};
/* End PBXResourcesBuildPhase section */

/* Begin PBXSourcesBuildPhase section */
		3E1AA0BE22A82A3200665D06 /* Sources */ = {
			isa = PBXSourcesBuildPhase;
			buildActionMask = 2147483647;
			files = (
				3E1AA0C622A82A3200665D06 /* AppDelegate.swift in Sources */,
				3E1AA0C822A82A3200665D06 /* SceneDelegate.swift in Sources */,
				3E1AA0CD22A82A3200665D06 /* ContentView.swift in Sources */,
				3E1AA0CB22A82A3200665D06 /* SwiftUI_CoreData.xcdatamodeld in Sources */,
			);
			runOnlyForDeploymentPostprocessing = 0;
		};
		3E1AA0D722A82A3400665D06 /* Sources */ = {
			isa = PBXSourcesBuildPhase;
			buildActionMask = 2147483647;
			files = (
				3E1AA0E022A82A3400665D06 /* SwiftUI_CoreDataTests.swift in Sources */,
			);
			runOnlyForDeploymentPostprocessing = 0;
		};
/* End PBXSourcesBuildPhase section */

/* Begin PBXTargetDependency section */
		3E1AA0DD22A82A3400665D06 /* PBXTargetDependency */ = {
			isa = PBXTargetDependency;
			target = 3E1AA0C122A82A3200665D06 /* SwiftUI+CoreData */;
			targetProxy = 3E1AA0DC22A82A3400665D06 /* PBXContainerItemProxy */;
		};
/* End PBXTargetDependency section */

/* Begin PBXVariantGroup section */
		3E1AA0D322A82A3400665D06 /* LaunchScreen.storyboard */ = {
			isa = PBXVariantGroup;
			children = (
				3E1AA0D422A82A3400665D06 /* Base */,
			);
			name = LaunchScreen.storyboard;
			sourceTree = "<group>";
		};
/* End PBXVariantGroup section */

/* Begin XCBuildConfiguration section */
		3E1AA0E222A82A3400665D06 /* Debug */ = {
			isa = XCBuildConfiguration;
			buildSettings = {
				ALWAYS_SEARCH_USER_PATHS = NO;
				CLANG_ANALYZER_NONNULL = YES;
				CLANG_ANALYZER_NUMBER_OBJECT_CONVERSION = YES_AGGRESSIVE;
				CLANG_CXX_LANGUAGE_STANDARD = "gnu++14";
				CLANG_CXX_LIBRARY = "libc++";
				CLANG_ENABLE_MODULES = YES;
				CLANG_ENABLE_OBJC_ARC = YES;
				CLANG_ENABLE_OBJC_WEAK = YES;
				CLANG_WARN_BLOCK_CAPTURE_AUTORELEASING = YES;
				CLANG_WARN_BOOL_CONVERSION = YES;
				CLANG_WARN_COMMA = YES;
				CLANG_WARN_CONSTANT_CONVERSION = YES;
				CLANG_WARN_DEPRECATED_OBJC_IMPLEMENTATIONS = YES;
				CLANG_WARN_DIRECT_OBJC_ISA_USAGE = YES_ERROR;
				CLANG_WARN_DOCUMENTATION_COMMENTS = YES;
				CLANG_WARN_EMPTY_BODY = YES;
				CLANG_WARN_ENUM_CONVERSION = YES;
				CLANG_WARN_INFINITE_RECURSION = YES;
				CLANG_WARN_INT_CONVERSION = YES;
				CLANG_WARN_NON_LITERAL_NULL_CONVERSION = YES;
				CLANG_WARN_OBJC_IMPLICIT_RETAIN_SELF = YES;
				CLANG_WARN_OBJC_LITERAL_CONVERSION = YES;
				CLANG_WARN_OBJC_ROOT_CLASS = YES_ERROR;
				CLANG_WARN_RANGE_LOOP_ANALYSIS = YES;
				CLANG_WARN_STRICT_PROTOTYPES = YES;
				CLANG_WARN_SUSPICIOUS_MOVE = YES;
				CLANG_WARN_UNGUARDED_AVAILABILITY = YES_AGGRESSIVE;
				CLANG_WARN_UNREACHABLE_CODE = YES;
				CLANG_WARN__DUPLICATE_METHOD_MATCH = YES;
				COPY_PHASE_STRIP = NO;
				DEBUG_INFORMATION_FORMAT = dwarf;
				ENABLE_STRICT_OBJC_MSGSEND = YES;
				ENABLE_TESTABILITY = YES;
				GCC_C_LANGUAGE_STANDARD = gnu11;
				GCC_DYNAMIC_NO_PIC = NO;
				GCC_NO_COMMON_BLOCKS = YES;
				GCC_OPTIMIZATION_LEVEL = 0;
				GCC_PREPROCESSOR_DEFINITIONS = (
					"DEBUG=1",
					"$(inherited)",
				);
				GCC_WARN_64_TO_32_BIT_CONVERSION = YES;
				GCC_WARN_ABOUT_RETURN_TYPE = YES_ERROR;
				GCC_WARN_UNDECLARED_SELECTOR = YES;
				GCC_WARN_UNINITIALIZED_AUTOS = YES_AGGRESSIVE;
				GCC_WARN_UNUSED_FUNCTION = YES;
				GCC_WARN_UNUSED_VARIABLE = YES;
				IPHONEOS_DEPLOYMENT_TARGET = 13.0;
				MTL_ENABLE_DEBUG_INFO = INCLUDE_SOURCE;
				MTL_FAST_MATH = YES;
				ONLY_ACTIVE_ARCH = YES;
				SDKROOT = iphoneos;
				SWIFT_ACTIVE_COMPILATION_CONDITIONS = DEBUG;
				SWIFT_OPTIMIZATION_LEVEL = "-Onone";
			};
			name = Debug;
		};
		3E1AA0E322A82A3400665D06 /* Release */ = {
			isa = XCBuildConfiguration;
			buildSettings = {
				ALWAYS_SEARCH_USER_PATHS = NO;
				CLANG_ANALYZER_NONNULL = YES;
				CLANG_ANALYZER_NUMBER_OBJECT_CONVERSION = YES_AGGRESSIVE;
				CLANG_CXX_LANGUAGE_STANDARD = "gnu++14";
				CLANG_CXX_LIBRARY = "libc++";
				CLANG_ENABLE_MODULES = YES;
				CLANG_ENABLE_OBJC_ARC = YES;
				CLANG_ENABLE_OBJC_WEAK = YES;
				CLANG_WARN_BLOCK_CAPTURE_AUTORELEASING = YES;
				CLANG_WARN_BOOL_CONVERSION = YES;
				CLANG_WARN_COMMA = YES;
				CLANG_WARN_CONSTANT_CONVERSION = YES;
				CLANG_WARN_DEPRECATED_OBJC_IMPLEMENTATIONS = YES;
				CLANG_WARN_DIRECT_OBJC_ISA_USAGE = YES_ERROR;
				CLANG_WARN_DOCUMENTATION_COMMENTS = YES;
				CLANG_WARN_EMPTY_BODY = YES;
				CLANG_WARN_ENUM_CONVERSION = YES;
				CLANG_WARN_INFINITE_RECURSION = YES;
				CLANG_WARN_INT_CONVERSION = YES;
				CLANG_WARN_NON_LITERAL_NULL_CONVERSION = YES;
				CLANG_WARN_OBJC_IMPLICIT_RETAIN_SELF = YES;
				CLANG_WARN_OBJC_LITERAL_CONVERSION = YES;
				CLANG_WARN_OBJC_ROOT_CLASS = YES_ERROR;
				CLANG_WARN_RANGE_LOOP_ANALYSIS = YES;
				CLANG_WARN_STRICT_PROTOTYPES = YES;
				CLANG_WARN_SUSPICIOUS_MOVE = YES;
				CLANG_WARN_UNGUARDED_AVAILABILITY = YES_AGGRESSIVE;
				CLANG_WARN_UNREACHABLE_CODE = YES;
				CLANG_WARN__DUPLICATE_METHOD_MATCH = YES;
				COPY_PHASE_STRIP = NO;
				DEBUG_INFORMATION_FORMAT = "dwarf-with-dsym";
				ENABLE_NS_ASSERTIONS = NO;
				ENABLE_STRICT_OBJC_MSGSEND = YES;
				GCC_C_LANGUAGE_STANDARD = gnu11;
				GCC_NO_COMMON_BLOCKS = YES;
				GCC_WARN_64_TO_32_BIT_CONVERSION = YES;
				GCC_WARN_ABOUT_RETURN_TYPE = YES_ERROR;
				GCC_WARN_UNDECLARED_SELECTOR = YES;
				GCC_WARN_UNINITIALIZED_AUTOS = YES_AGGRESSIVE;
				GCC_WARN_UNUSED_FUNCTION = YES;
				GCC_WARN_UNUSED_VARIABLE = YES;
				IPHONEOS_DEPLOYMENT_TARGET = 13.0;
				MTL_ENABLE_DEBUG_INFO = NO;
				MTL_FAST_MATH = YES;
				SDKROOT = iphoneos;
				SWIFT_COMPILATION_MODE = wholemodule;
				SWIFT_OPTIMIZATION_LEVEL = "-O";
				VALIDATE_PRODUCT = YES;
			};
			name = Release;
		};
		3E1AA0E522A82A3400665D06 /* Debug */ = {
			isa = XCBuildConfiguration;
			buildSettings = {
				ASSETCATALOG_COMPILER_APPICON_NAME = AppIcon;
				CODE_SIGN_STYLE = Automatic;
				DEVELOPMENT_ASSET_PATHS = "SwiftUI+CoreData/Preview\\ Content";
				DEVELOPMENT_TEAM = KY9W9NLJDU;
				ENABLE_PREVIEWS = YES;
				INFOPLIST_FILE = "SwiftUI+CoreData/Info.plist";
				LD_RUNPATH_SEARCH_PATHS = (
					"$(inherited)",
					"@executable_path/Frameworks",
				);
				PRODUCT_BUNDLE_IDENTIFIER = "com.4mfd.dev.SwiftUI-CoreData";
				PRODUCT_NAME = "$(TARGET_NAME)";
				SWIFT_VERSION = 5.0;
				TARGETED_DEVICE_FAMILY = "1,2";
			};
			name = Debug;
		};
		3E1AA0E622A82A3400665D06 /* Release */ = {
			isa = XCBuildConfiguration;
			buildSettings = {
				ASSETCATALOG_COMPILER_APPICON_NAME = AppIcon;
				CODE_SIGN_STYLE = Automatic;
				DEVELOPMENT_ASSET_PATHS = "SwiftUI+CoreData/Preview\\ Content";
				DEVELOPMENT_TEAM = KY9W9NLJDU;
				ENABLE_PREVIEWS = YES;
				INFOPLIST_FILE = "SwiftUI+CoreData/Info.plist";
				LD_RUNPATH_SEARCH_PATHS = (
					"$(inherited)",
					"@executable_path/Frameworks",
				);
				PRODUCT_BUNDLE_IDENTIFIER = "com.4mfd.dev.SwiftUI-CoreData";
				PRODUCT_NAME = "$(TARGET_NAME)";
				SWIFT_VERSION = 5.0;
				TARGETED_DEVICE_FAMILY = "1,2";
			};
			name = Release;
		};
		3E1AA0E822A82A3400665D06 /* Debug */ = {
			isa = XCBuildConfiguration;
			buildSettings = {
				ALWAYS_EMBED_SWIFT_STANDARD_LIBRARIES = YES;
				BUNDLE_LOADER = "$(TEST_HOST)";
				CODE_SIGN_STYLE = Automatic;
				DEVELOPMENT_TEAM = KY9W9NLJDU;
				INFOPLIST_FILE = "SwiftUI+CoreDataTests/Info.plist";
				LD_RUNPATH_SEARCH_PATHS = (
					"$(inherited)",
					"@executable_path/Frameworks",
					"@loader_path/Frameworks",
				);
				PRODUCT_BUNDLE_IDENTIFIER = "com.4mfd.dev.SwiftUI-CoreDataTests";
				PRODUCT_NAME = "$(TARGET_NAME)";
				SWIFT_VERSION = 5.0;
				TARGETED_DEVICE_FAMILY = "1,2";
				TEST_HOST = "$(BUILT_PRODUCTS_DIR)/SwiftUI+CoreData.app/SwiftUI+CoreData";
			};
			name = Debug;
		};
		3E1AA0E922A82A3400665D06 /* Release */ = {
			isa = XCBuildConfiguration;
			buildSettings = {
				ALWAYS_EMBED_SWIFT_STANDARD_LIBRARIES = YES;
				BUNDLE_LOADER = "$(TEST_HOST)";
				CODE_SIGN_STYLE = Automatic;
				DEVELOPMENT_TEAM = KY9W9NLJDU;
				INFOPLIST_FILE = "SwiftUI+CoreDataTests/Info.plist";
				LD_RUNPATH_SEARCH_PATHS = (
					"$(inherited)",
					"@executable_path/Frameworks",
					"@loader_path/Frameworks",
				);
				PRODUCT_BUNDLE_IDENTIFIER = "com.4mfd.dev.SwiftUI-CoreDataTests";
				PRODUCT_NAME = "$(TARGET_NAME)";
				SWIFT_VERSION = 5.0;
				TARGETED_DEVICE_FAMILY = "1,2";
				TEST_HOST = "$(BUILT_PRODUCTS_DIR)/SwiftUI+CoreData.app/SwiftUI+CoreData";
			};
			name = Release;
		};
/* End XCBuildConfiguration section */

/* Begin XCConfigurationList section */
		3E1AA0BD22A82A3200665D06 /* Build configuration list for PBXProject "SwiftUI+CoreData" */ = {
			isa = XCConfigurationList;
			buildConfigurations = (
				3E1AA0E222A82A3400665D06 /* Debug */,
				3E1AA0E322A82A3400665D06 /* Release */,
			);
			defaultConfigurationIsVisible = 0;
			defaultConfigurationName = Release;
		};
		3E1AA0E422A82A3400665D06 /* Build configuration list for PBXNativeTarget "SwiftUI+CoreData" */ = {
			isa = XCConfigurationList;
			buildConfigurations = (
				3E1AA0E522A82A3400665D06 /* Debug */,
				3E1AA0E622A82A3400665D06 /* Release */,
			);
			defaultConfigurationIsVisible = 0;
			defaultConfigurationName = Release;
		};
		3E1AA0E722A82A3400665D06 /* Build configuration list for PBXNativeTarget "SwiftUI+CoreDataTests" */ = {
			isa = XCConfigurationList;
			buildConfigurations = (
				3E1AA0E822A82A3400665D06 /* Debug */,
				3E1AA0E922A82A3400665D06 /* Release */,
			);
			defaultConfigurationIsVisible = 0;
			defaultConfigurationName = Release;
		};
/* End XCConfigurationList section */

/* Begin XCVersionGroup section */
		3E1AA0C922A82A3200665D06 /* SwiftUI_CoreData.xcdatamodeld */ = {
			isa = XCVersionGroup;
			children = (
				3E1AA0CA22A82A3200665D06 /* SwiftUI_CoreData.xcdatamodel */,
			);
			currentVersion = 3E1AA0CA22A82A3200665D06 /* SwiftUI_CoreData.xcdatamodel */;
			path = SwiftUI_CoreData.xcdatamodeld;
			sourceTree = "<group>";
			versionGroupType = wrapper.xcdatamodel;
		};
/* End XCVersionGroup section */
	};
	rootObject = 3E1AA0BA22A82A3200665D06 /* Project object */;
}
